<?xml version="1.0" encoding="utf-8"?>
<Project ToolsVersion="4.0" xmlns="http://schemas.microsoft.com/developer/msbuild/2003">
  <ItemGroup>
    <Filter Include="Classes">
      <UniqueIdentifier>{fc5cb953-2953-4968-83b3-39e3ff951754}</UniqueIdentifier>
    </Filter>
    <Filter Include="win32">
      <UniqueIdentifier>{037a9a02-b906-4cc5-ad98-304acd4e25ee}</UniqueIdentifier>
    </Filter>
    <Filter Include="resource">
      <UniqueIdentifier>{2d1d0979-58cd-4ab6-b91c-13650158f1fa}</UniqueIdentifier>
    </Filter>
    <Filter Include="Classes\SDK">
      <UniqueIdentifier>{6d1ddef7-f844-45a8-a5d1-eb51ace1044f}</UniqueIdentifier>
    </Filter>
    <Filter Include="Classes\SDK\Private">
      <UniqueIdentifier>{4548315a-2f66-4915-83f4-3762de33a565}</UniqueIdentifier>
    </Filter>
    <Filter Include="Classes\SDK\FishPath">
      <UniqueIdentifier>{7ff72ae3-0993-42c4-bc33-73920d244104}</UniqueIdentifier>
    </Filter>
  </ItemGroup>
  <ItemGroup>
    <ClInclude Include="..\Classes\AppDelegate.h">
      <Filter>Classes</Filter>
    </ClInclude>
    <ClInclude Include="main.h">
      <Filter>win32</Filter>
    </ClInclude>
    <ClInclude Include="resource.h" />
    <ClInclude Include="SimulatorWin.h" />
    <ClInclude Include="stdafx.h">
      <Filter>win32</Filter>
    </ClInclude>
    <ClInclude Include="targetver.h">
      <Filter>win32</Filter>
    </ClInclude>
    <ClInclude Include="..\Classes\MyListener.h">
      <Filter>Classes</Filter>
    </ClInclude>
    <ClInclude Include="..\Classes\SDK\Byte2hex.h">
      <Filter>Classes\SDK</Filter>
    </ClInclude>
    <ClInclude Include="..\Classes\SDK\Client.h">
      <Filter>Classes\SDK</Filter>
    </ClInclude>
    <ClInclude Include="..\Classes\SDK\CommMD5.h">
      <Filter>Classes\SDK</Filter>
    </ClInclude>
    <ClInclude Include="..\Classes\SDK\Http.h">
      <Filter>Classes\SDK</Filter>
    </ClInclude>
    <ClInclude Include="..\Classes\SDK\SBase64.h">
      <Filter>Classes\SDK</Filter>
    </ClInclude>
    <ClInclude Include="..\Classes\SDK\SBind.h">
      <Filter>Classes\SDK</Filter>
    </ClInclude>
    <ClInclude Include="..\Classes\SDK\SConfig.h">
      <Filter>Classes\SDK</Filter>
    </ClInclude>
    <ClInclude Include="..\Classes\SDK\SDump.h">
      <Filter>Classes\SDK</Filter>
    </ClInclude>
    <ClInclude Include="..\Classes\SDK\Server.h">
      <Filter>Classes\SDK</Filter>
    </ClInclude>
    <ClInclude Include="..\Classes\SDK\SFile.h">
      <Filter>Classes\SDK</Filter>
    </ClInclude>
    <ClInclude Include="..\Classes\SDK\SHead.h">
      <Filter>Classes\SDK</Filter>
    </ClInclude>
    <ClInclude Include="..\Classes\SDK\SInit.h">
      <Filter>Classes\SDK</Filter>
    </ClInclude>
    <ClInclude Include="..\Classes\SDK\SInstance.h">
      <Filter>Classes\SDK</Filter>
    </ClInclude>
    <ClInclude Include="..\Classes\SDK\SListener.h">
      <Filter>Classes\SDK</Filter>
    </ClInclude>
    <ClInclude Include="..\Classes\SDK\SLua.h">
      <Filter>Classes\SDK</Filter>
    </ClInclude>
    <ClInclude Include="..\Classes\SDK\SMemoryPool.h">
      <Filter>Classes\SDK</Filter>
    </ClInclude>
    <ClInclude Include="..\Classes\SDK\SMsgManager.h">
      <Filter>Classes\SDK</Filter>
    </ClInclude>
    <ClInclude Include="..\Classes\SDK\SPacker.h">
      <Filter>Classes\SDK</Filter>
    </ClInclude>
    <ClInclude Include="..\Classes\SDK\SPlatform.h">
      <Filter>Classes\SDK</Filter>
    </ClInclude>
    <ClInclude Include="..\Classes\SDK\SPlatformHead.h">
      <Filter>Classes\SDK</Filter>
    </ClInclude>
    <ClInclude Include="..\Classes\SDK\STools.h">
      <Filter>Classes\SDK</Filter>
    </ClInclude>
    <ClInclude Include="..\Classes\CallLuaFunction.h">
      <Filter>Classes</Filter>
    </ClInclude>
    <ClInclude Include="..\Classes\SStringConverter.h">
      <Filter>Classes</Filter>
    </ClInclude>
    <ClInclude Include="..\Classes\SDK\FishPath\FishPathManager.h">
      <Filter>Classes\SDK\FishPath</Filter>
    </ClInclude>
    <ClInclude Include="..\Classes\SDK\FishPath\lua_FishPathManager.hpp">
      <Filter>Classes\SDK\FishPath</Filter>
    </ClInclude>
  </ItemGroup>
  <ItemGroup>
    <ClCompile Include="..\Classes\AppDelegate.cpp">
      <Filter>Classes</Filter>
    </ClCompile>
    <ClCompile Include="main.cpp">
      <Filter>win32</Filter>
    </ClCompile>
    <ClCompile Include="SimulatorWin.cpp" />
    <ClCompile Include="stdafx.cpp">
      <Filter>win32</Filter>
    </ClCompile>
    <ClCompile Include="..\Classes\MyListener.cpp">
      <Filter>Classes</Filter>
    </ClCompile>
    <ClCompile Include="..\Classes\SDK\Private\Client.cpp">
      <Filter>Classes\SDK\Private</Filter>
    </ClCompile>
    <ClCompile Include="..\Classes\SDK\Private\CommMD5.cpp">
      <Filter>Classes\SDK\Private</Filter>
    </ClCompile>
    <ClCompile Include="..\Classes\SDK\Private\Http.cpp">
      <Filter>Classes\SDK\Private</Filter>
    </ClCompile>
    <ClCompile Include="..\Classes\SDK\Private\SBase64.cpp">
      <Filter>Classes\SDK\Private</Filter>
    </ClCompile>
    <ClCompile Include="..\Classes\SDK\Private\SBind.cpp">
      <Filter>Classes\SDK\Private</Filter>
    </ClCompile>
    <ClCompile Include="..\Classes\SDK\Private\Server.cpp">
      <Filter>Classes\SDK\Private</Filter>
    </ClCompile>
    <ClCompile Include="..\Classes\SDK\Private\SFile.cpp">
      <Filter>Classes\SDK\Private</Filter>
    </ClCompile>
    <ClCompile Include="..\Classes\SDK\Private\SInit.cpp">
      <Filter>Classes\SDK\Private</Filter>
    </ClCompile>
    <ClCompile Include="..\Classes\SDK\Private\SListener.cpp">
      <Filter>Classes\SDK\Private</Filter>
    </ClCompile>
    <ClCompile Include="..\Classes\SDK\Private\SLua.cpp">
      <Filter>Classes\SDK\Private</Filter>
    </ClCompile>
    <ClCompile Include="..\Classes\SDK\Private\SMemoryPool.cpp">
      <Filter>Classes\SDK\Private</Filter>
    </ClCompile>
    <ClCompile Include="..\Classes\SDK\Private\SMsgManager.cpp">
      <Filter>Classes\SDK\Private</Filter>
    </ClCompile>
    <ClCompile Include="..\Classes\SDK\Private\SPacker.cpp">
      <Filter>Classes\SDK\Private</Filter>
    </ClCompile>
    <ClCompile Include="..\Classes\SDK\Private\SPlatform.cpp">
      <Filter>Classes\SDK\Private</Filter>
    </ClCompile>
    <ClCompile Include="..\Classes\SDK\Private\STools.cpp">
      <Filter>Classes\SDK\Private</Filter>
    </ClCompile>
    <ClCompile Include="..\Classes\CallLuaFunction.cpp">
      <Filter>Classes</Filter>
    </ClCompile>
    <ClCompile Include="..\Classes\SStringConverter.cpp">
      <Filter>Classes</Filter>
    </ClCompile>
    <ClCompile Include="..\Classes\SDK\FishPath\lua_FishPathManager.cpp">
      <Filter>Classes\SDK\FishPath</Filter>
    </ClCompile>
    <ClCompile Include="..\Classes\SDK\FishPath\FishPathManager.cpp">
      <Filter>Classes\SDK\FishPath</Filter>
    </ClCompile>
  </ItemGroup>
  <ItemGroup>
    <ResourceCompile Include="game.rc">
      <Filter>resource</Filter>
    </ResourceCompile>
  </ItemGroup>
  <ItemGroup>
    <Image Include="res\game.ico" />
  </ItemGroup>
</Project>